PODS:
  - Alamofire (4.6.0)
  - Bolts (1.9.0):
    - Bolts/AppLinks (= 1.9.0)
    - Bolts/Tasks (= 1.9.0)
  - Bolts/AppLinks (1.9.0):
    - Bolts/Tasks
  - Bolts/Tasks (1.9.0)
  - Cloudinary (2.3.0):
    - Alamofire (~> 4.6.0)
  - Eureka (4.1.1)
  - FBSDKCoreKit (4.32.0):
    - Bolts (~> 1.7)
  - FBSDKLoginKit (4.32.0):
    - FBSDKCoreKit
  - FBSnapshotTestCase (2.1.4):
    - FBSnapshotTestCase/SwiftSupport (= 2.1.4)
  - FBSnapshotTestCase/Core (2.1.4)
  - FBSnapshotTestCase/SwiftSupport (2.1.4):
    - FBSnapshotTestCase/Core
  - FunkyNetwork (0.1.5):
    - OHHTTPStubs/Swift
    - Prelude (~> 3.0)
    - ReactiveSwift
  - ISO8601DateFormatter (0.8)
  - MaterialComponents (54.12.0):
    - MaterialComponents/ActivityIndicator (= 54.12.0)
    - MaterialComponents/ActivityIndicator+Extensions (= 54.12.0)
    - MaterialComponents/AnimationTiming (= 54.12.0)
    - MaterialComponents/AppBar (= 54.12.0)
    - MaterialComponents/AppBar+Extensions (= 54.12.0)
    - MaterialComponents/BottomAppBar (= 54.12.0)
    - MaterialComponents/BottomAppBar+Extensions (= 54.12.0)
    - MaterialComponents/BottomNavigation (= 54.12.0)
    - MaterialComponents/BottomNavigation+Extensions (= 54.12.0)
    - MaterialComponents/BottomSheet (= 54.12.0)
    - MaterialComponents/ButtonBar (= 54.12.0)
    - MaterialComponents/ButtonBar+Extensions (= 54.12.0)
    - MaterialComponents/Buttons (= 54.12.0)
    - MaterialComponents/Buttons+Extensions (= 54.12.0)
    - MaterialComponents/Cards (= 54.12.0)
    - MaterialComponents/Cards+Extensions (= 54.12.0)
    - MaterialComponents/Chips (= 54.12.0)
    - MaterialComponents/Chips+Extensions (= 54.12.0)
    - MaterialComponents/CollectionCells (= 54.12.0)
    - MaterialComponents/CollectionLayoutAttributes (= 54.12.0)
    - MaterialComponents/Collections (= 54.12.0)
    - MaterialComponents/Dialogs (= 54.12.0)
    - MaterialComponents/Dialogs+Extensions (= 54.12.0)
    - MaterialComponents/FeatureHighlight (= 54.12.0)
    - MaterialComponents/FeatureHighlight+Extensions (= 54.12.0)
    - MaterialComponents/FlexibleHeader (= 54.12.0)
    - MaterialComponents/FlexibleHeader+Extensions (= 54.12.0)
    - MaterialComponents/HeaderStackView (= 54.12.0)
    - MaterialComponents/HeaderStackView+Extensions (= 54.12.0)
    - MaterialComponents/Ink (= 54.12.0)
    - MaterialComponents/Ink+Extensions (= 54.12.0)
    - MaterialComponents/LibraryInfo (= 54.12.0)
    - MaterialComponents/MaskedTransition (= 54.12.0)
    - MaterialComponents/NavigationBar (= 54.12.0)
    - MaterialComponents/NavigationBar+Extensions (= 54.12.0)
    - MaterialComponents/OverlayWindow (= 54.12.0)
    - MaterialComponents/PageControl (= 54.12.0)
    - MaterialComponents/PageControl+Extensions (= 54.12.0)
    - MaterialComponents/Palettes (= 54.12.0)
    - MaterialComponents/private (= 54.12.0)
    - MaterialComponents/ProgressView (= 54.12.0)
    - MaterialComponents/ProgressView+Extensions (= 54.12.0)
    - MaterialComponents/schemes (= 54.12.0)
    - MaterialComponents/ShadowElevations (= 54.12.0)
    - MaterialComponents/ShadowLayer (= 54.12.0)
    - MaterialComponents/Slider (= 54.12.0)
    - MaterialComponents/Slider+Extensions (= 54.12.0)
    - MaterialComponents/Snackbar (= 54.12.0)
    - MaterialComponents/Snackbar+Extensions (= 54.12.0)
    - MaterialComponents/Tabs (= 54.12.0)
    - MaterialComponents/Tabs+Extensions (= 54.12.0)
    - MaterialComponents/TextFields (= 54.12.0)
    - MaterialComponents/TextFields+Extensions (= 54.12.0)
    - MaterialComponents/Themes (= 54.12.0)
    - MaterialComponents/Typography (= 54.12.0)
  - MaterialComponents/ActivityIndicator (54.12.0):
    - MaterialComponents/Palettes
    - MaterialComponents/private/Application
    - MDFInternationalization
    - MotionAnimator (~> 2.0)
  - MaterialComponents/ActivityIndicator+Extensions (54.12.0):
    - MaterialComponents/ActivityIndicator+Extensions/ColorThemer (= 54.12.0)
  - MaterialComponents/ActivityIndicator+Extensions/ColorThemer (54.12.0):
    - MaterialComponents/ActivityIndicator
    - MaterialComponents/schemes/Color
  - MaterialComponents/AnimationTiming (54.12.0)
  - MaterialComponents/AppBar (54.12.0):
    - MaterialComponents/FlexibleHeader
    - MaterialComponents/HeaderStackView
    - MaterialComponents/NavigationBar
    - MaterialComponents/private/Application
    - MaterialComponents/private/Icons/ic_arrow_back
    - MaterialComponents/private/UIMetrics
    - MaterialComponents/ShadowElevations
    - MaterialComponents/ShadowLayer
    - MaterialComponents/Typography
    - MDFInternationalization
  - MaterialComponents/AppBar+Extensions (54.12.0):
    - MaterialComponents/AppBar+Extensions/ColorThemer (= 54.12.0)
    - MaterialComponents/AppBar+Extensions/TypographyThemer (= 54.12.0)
  - MaterialComponents/AppBar+Extensions/ColorThemer (54.12.0):
    - MaterialComponents/AppBar
    - MaterialComponents/FlexibleHeader+Extensions/ColorThemer
    - MaterialComponents/NavigationBar+Extensions/ColorThemer
    - MaterialComponents/Themes
  - MaterialComponents/AppBar+Extensions/TypographyThemer (54.12.0):
    - MaterialComponents/AppBar
    - MaterialComponents/NavigationBar+Extensions/TypographyThemer
  - MaterialComponents/BottomAppBar (54.12.0):
    - MaterialComponents/Buttons
    - MaterialComponents/NavigationBar
    - MaterialComponents/private/Math
    - MDFInternationalization
  - MaterialComponents/BottomAppBar+Extensions (54.12.0):
    - MaterialComponents/BottomAppBar+Extensions/ColorThemer (= 54.12.0)
  - MaterialComponents/BottomAppBar+Extensions/ColorThemer (54.12.0):
    - MaterialComponents/BottomAppBar
    - MaterialComponents/Themes
  - MaterialComponents/BottomNavigation (54.12.0):
    - MaterialComponents/Ink
    - MaterialComponents/private/Math
    - MaterialComponents/ShadowElevations
    - MaterialComponents/ShadowLayer
    - MaterialComponents/Typography
    - MDFInternationalization
  - MaterialComponents/BottomNavigation+Extensions (54.12.0):
    - MaterialComponents/BottomNavigation+Extensions/ColorThemer (= 54.12.0)
    - MaterialComponents/BottomNavigation+Extensions/TypographyThemer (= 54.12.0)
  - MaterialComponents/BottomNavigation+Extensions/ColorThemer (54.12.0):
    - MaterialComponents/BottomNavigation
    - MaterialComponents/schemes/Color
  - MaterialComponents/BottomNavigation+Extensions/TypographyThemer (54.12.0):
    - MaterialComponents/BottomNavigation
    - MaterialComponents/schemes/Typography
  - MaterialComponents/BottomSheet (54.12.0):
    - MaterialComponents/private/KeyboardWatcher
    - MaterialComponents/private/Math
  - MaterialComponents/ButtonBar (54.12.0):
    - MaterialComponents/Buttons
    - MDFInternationalization
  - MaterialComponents/ButtonBar+Extensions (54.12.0):
    - MaterialComponents/ButtonBar+Extensions/ColorThemer (= 54.12.0)
    - MaterialComponents/ButtonBar+Extensions/TypographyThemer (= 54.12.0)
  - MaterialComponents/ButtonBar+Extensions/ColorThemer (54.12.0):
    - MaterialComponents/ButtonBar
    - MaterialComponents/Themes
  - MaterialComponents/ButtonBar+Extensions/TypographyThemer (54.12.0):
    - MaterialComponents/ButtonBar
    - MaterialComponents/schemes/Typography
  - MaterialComponents/Buttons (54.12.0):
    - MaterialComponents/Ink
    - MaterialComponents/private/Math
    - MaterialComponents/private/Shapes
    - MaterialComponents/ShadowElevations
    - MaterialComponents/ShadowLayer
    - MaterialComponents/Typography
    - MDFInternationalization
    - MDFTextAccessibility
  - MaterialComponents/Buttons+Extensions (54.12.0):
    - MaterialComponents/Buttons+Extensions/ButtonThemer (= 54.12.0)
    - MaterialComponents/Buttons+Extensions/ColorThemer (= 54.12.0)
    - MaterialComponents/Buttons+Extensions/TitleColorAccessibilityMutator (= 54.12.0)
    - MaterialComponents/Buttons+Extensions/TypographyThemer (= 54.12.0)
  - MaterialComponents/Buttons+Extensions/ButtonThemer (54.12.0):
    - MaterialComponents/Buttons
    - MaterialComponents/Buttons+Extensions/ColorThemer
    - MaterialComponents/Buttons+Extensions/TypographyThemer
  - MaterialComponents/Buttons+Extensions/ColorThemer (54.12.0):
    - MaterialComponents/Buttons
    - MaterialComponents/schemes/Color
  - MaterialComponents/Buttons+Extensions/TitleColorAccessibilityMutator (54.12.0):
    - MaterialComponents/Buttons
    - MDFTextAccessibility
  - MaterialComponents/Buttons+Extensions/TypographyThemer (54.12.0):
    - MaterialComponents/Buttons
    - MaterialComponents/schemes/Typography
  - MaterialComponents/Cards (54.12.0):
    - MaterialComponents/Ink
    - MaterialComponents/private/Icons/ic_check_circle
    - MaterialComponents/private/Math
    - MaterialComponents/private/Shapes
    - MaterialComponents/ShadowLayer
  - MaterialComponents/Cards+Extensions (54.12.0):
    - MaterialComponents/Cards+Extensions/ColorThemer (= 54.12.0)
  - MaterialComponents/Cards+Extensions/ColorThemer (54.12.0):
    - MaterialComponents/Cards
    - MaterialComponents/schemes/Color
  - MaterialComponents/Chips (54.12.0):
    - MaterialComponents/Ink
    - MaterialComponents/private/Math
    - MaterialComponents/private/ShapeLibrary
    - MaterialComponents/private/Shapes
    - MaterialComponents/ShadowElevations
    - MaterialComponents/ShadowLayer
    - MaterialComponents/TextFields
    - MaterialComponents/Typography
    - MDFInternationalization
  - MaterialComponents/Chips+Extensions (54.12.0):
    - MaterialComponents/Chips+Extensions/ColorThemer (= 54.12.0)
    - MaterialComponents/Chips+Extensions/FontThemer (= 54.12.0)
    - MaterialComponents/Chips+Extensions/TypographyThemer (= 54.12.0)
  - MaterialComponents/Chips+Extensions/ColorThemer (54.12.0):
    - MaterialComponents/Chips
    - MaterialComponents/schemes/Color
  - MaterialComponents/Chips+Extensions/FontThemer (54.12.0):
    - MaterialComponents/Chips
    - MaterialComponents/Themes
  - MaterialComponents/Chips+Extensions/TypographyThemer (54.12.0):
    - MaterialComponents/Chips
    - MaterialComponents/schemes/Typography
  - MaterialComponents/CollectionCells (54.12.0):
    - MaterialComponents/CollectionLayoutAttributes
    - MaterialComponents/Ink
    - MaterialComponents/Palettes
    - MaterialComponents/private/Icons/ic_check
    - MaterialComponents/private/Icons/ic_check_circle
    - MaterialComponents/private/Icons/ic_chevron_right
    - MaterialComponents/private/Icons/ic_info
    - MaterialComponents/private/Icons/ic_radio_button_unchecked
    - MaterialComponents/private/Icons/ic_reorder
    - MaterialComponents/private/Math
    - MaterialComponents/Typography
    - MDFInternationalization
  - MaterialComponents/CollectionLayoutAttributes (54.12.0)
  - MaterialComponents/Collections (54.12.0):
    - MaterialComponents/CollectionCells
    - MaterialComponents/CollectionLayoutAttributes
    - MaterialComponents/Ink
    - MaterialComponents/Palettes
    - MaterialComponents/ShadowElevations
    - MaterialComponents/ShadowLayer
    - MaterialComponents/Typography
  - MaterialComponents/Dialogs (54.12.0):
    - MaterialComponents/Buttons
    - MaterialComponents/private/KeyboardWatcher
    - MaterialComponents/ShadowElevations
    - MaterialComponents/ShadowLayer
    - MaterialComponents/Typography
    - MDFInternationalization
  - MaterialComponents/Dialogs+Extensions (54.12.0):
    - MaterialComponents/Dialogs+Extensions/ColorThemer (= 54.12.0)
    - MaterialComponents/Dialogs+Extensions/TypographyThemer (= 54.12.0)
  - MaterialComponents/Dialogs+Extensions/ColorThemer (54.12.0):
    - MaterialComponents/Dialogs
    - MaterialComponents/Themes
  - MaterialComponents/Dialogs+Extensions/TypographyThemer (54.12.0):
    - MaterialComponents/Dialogs
    - MaterialComponents/schemes/Typography
  - MaterialComponents/FeatureHighlight (54.12.0):
    - MaterialComponents/private/Math
    - MaterialComponents/Typography
    - MDFTextAccessibility
  - MaterialComponents/FeatureHighlight+Extensions (54.12.0):
    - MaterialComponents/FeatureHighlight+Extensions/ColorThemer (= 54.12.0)
    - MaterialComponents/FeatureHighlight+Extensions/FeatureHighlightAccessibilityMutator (= 54.12.0)
    - MaterialComponents/FeatureHighlight+Extensions/FontThemer (= 54.12.0)
    - MaterialComponents/FeatureHighlight+Extensions/TypographyThemer (= 54.12.0)
  - MaterialComponents/FeatureHighlight+Extensions/ColorThemer (54.12.0):
    - MaterialComponents/FeatureHighlight
    - MaterialComponents/Themes
  - MaterialComponents/FeatureHighlight+Extensions/FeatureHighlightAccessibilityMutator (54.12.0):
    - MaterialComponents/FeatureHighlight
    - MDFTextAccessibility
  - MaterialComponents/FeatureHighlight+Extensions/FontThemer (54.12.0):
    - MaterialComponents/FeatureHighlight
    - MaterialComponents/Themes
  - MaterialComponents/FeatureHighlight+Extensions/TypographyThemer (54.12.0):
    - MaterialComponents/FeatureHighlight
    - MaterialComponents/schemes/Typography
  - MaterialComponents/FlexibleHeader (54.12.0):
    - MaterialComponents/private/Application
    - MaterialComponents/private/UIMetrics
    - MDFTextAccessibility
  - MaterialComponents/FlexibleHeader+Extensions (54.12.0):
    - MaterialComponents/FlexibleHeader+Extensions/ColorThemer (= 54.12.0)
  - MaterialComponents/FlexibleHeader+Extensions/ColorThemer (54.12.0):
    - MaterialComponents/FlexibleHeader
    - MaterialComponents/schemes/Color
  - MaterialComponents/HeaderStackView (54.12.0)
  - MaterialComponents/HeaderStackView+Extensions (54.12.0):
    - MaterialComponents/HeaderStackView+Extensions/ColorThemer (= 54.12.0)
  - MaterialComponents/HeaderStackView+Extensions/ColorThemer (54.12.0):
    - MaterialComponents/HeaderStackView
    - MaterialComponents/Themes
  - MaterialComponents/Ink (54.12.0):
    - MaterialComponents/private/Math
  - MaterialComponents/Ink+Extensions (54.12.0):
    - MaterialComponents/Ink+Extensions/ColorThemer (= 54.12.0)
  - MaterialComponents/Ink+Extensions/ColorThemer (54.12.0):
    - MaterialComponents/Ink
    - MaterialComponents/Themes
  - MaterialComponents/LibraryInfo (54.12.0)
  - MaterialComponents/MaskedTransition (54.12.0):
    - MotionAnimator (~> 2.0)
    - MotionInterchange (~> 1.0)
    - MotionTransitioning (~> 5.0)
  - MaterialComponents/NavigationBar (54.12.0):
    - MaterialComponents/ButtonBar
    - MaterialComponents/private/Math
    - MaterialComponents/Typography
    - MDFInternationalization
    - MDFTextAccessibility
  - MaterialComponents/NavigationBar+Extensions (54.12.0):
    - MaterialComponents/NavigationBar+Extensions/ColorThemer (= 54.12.0)
    - MaterialComponents/NavigationBar+Extensions/TypographyThemer (= 54.12.0)
  - MaterialComponents/NavigationBar+Extensions/ColorThemer (54.12.0):
    - MaterialComponents/NavigationBar
    - MaterialComponents/schemes/Color
  - MaterialComponents/NavigationBar+Extensions/TypographyThemer (54.12.0):
    - MaterialComponents/NavigationBar
    - MaterialComponents/schemes/Typography
  - MaterialComponents/OverlayWindow (54.12.0):
    - MaterialComponents/private/Application
  - MaterialComponents/PageControl (54.12.0)
  - MaterialComponents/PageControl+Extensions (54.12.0):
    - MaterialComponents/PageControl+Extensions/ColorThemer (= 54.12.0)
  - MaterialComponents/PageControl+Extensions/ColorThemer (54.12.0):
    - MaterialComponents/PageControl
    - MaterialComponents/Themes
  - MaterialComponents/Palettes (54.12.0)
  - MaterialComponents/private (54.12.0):
    - MaterialComponents/private/Application (= 54.12.0)
    - MaterialComponents/private/Icons (= 54.12.0)
    - MaterialComponents/private/KeyboardWatcher (= 54.12.0)
    - MaterialComponents/private/Math (= 54.12.0)
    - MaterialComponents/private/Overlay (= 54.12.0)
    - MaterialComponents/private/ShapeLibrary (= 54.12.0)
    - MaterialComponents/private/Shapes (= 54.12.0)
    - MaterialComponents/private/ThumbTrack (= 54.12.0)
    - MaterialComponents/private/UIMetrics (= 54.12.0)
  - MaterialComponents/private/Application (54.12.0)
  - MaterialComponents/private/Icons (54.12.0):
    - MaterialComponents/private/Icons/Base (= 54.12.0)
    - MaterialComponents/private/Icons/ic_arrow_back (= 54.12.0)
    - MaterialComponents/private/Icons/ic_check (= 54.12.0)
    - MaterialComponents/private/Icons/ic_check_circle (= 54.12.0)
    - MaterialComponents/private/Icons/ic_chevron_right (= 54.12.0)
    - MaterialComponents/private/Icons/ic_color_lens (= 54.12.0)
    - MaterialComponents/private/Icons/ic_help_outline (= 54.12.0)
    - MaterialComponents/private/Icons/ic_info (= 54.12.0)
    - MaterialComponents/private/Icons/ic_more_horiz (= 54.12.0)
    - MaterialComponents/private/Icons/ic_radio_button_unchecked (= 54.12.0)
    - MaterialComponents/private/Icons/ic_reorder (= 54.12.0)
    - MaterialComponents/private/Icons/ic_settings (= 54.12.0)
  - MaterialComponents/private/Icons/Base (54.12.0)
  - MaterialComponents/private/Icons/ic_arrow_back (54.12.0):
    - MaterialComponents/private/Icons/Base
  - MaterialComponents/private/Icons/ic_check (54.12.0):
    - MaterialComponents/private/Icons/Base
  - MaterialComponents/private/Icons/ic_check_circle (54.12.0):
    - MaterialComponents/private/Icons/Base
  - MaterialComponents/private/Icons/ic_chevron_right (54.12.0):
    - MaterialComponents/private/Icons/Base
  - MaterialComponents/private/Icons/ic_color_lens (54.12.0):
    - MaterialComponents/private/Icons/Base
  - MaterialComponents/private/Icons/ic_help_outline (54.12.0):
    - MaterialComponents/private/Icons/Base
  - MaterialComponents/private/Icons/ic_info (54.12.0):
    - MaterialComponents/private/Icons/Base
  - MaterialComponents/private/Icons/ic_more_horiz (54.12.0):
    - MaterialComponents/private/Icons/Base
  - MaterialComponents/private/Icons/ic_radio_button_unchecked (54.12.0):
    - MaterialComponents/private/Icons/Base
  - MaterialComponents/private/Icons/ic_reorder (54.12.0):
    - MaterialComponents/private/Icons/Base
  - MaterialComponents/private/Icons/ic_settings (54.12.0):
    - MaterialComponents/private/Icons/Base
  - MaterialComponents/private/KeyboardWatcher (54.12.0):
    - MaterialComponents/private/Application
  - MaterialComponents/private/Math (54.12.0)
  - MaterialComponents/private/Overlay (54.12.0)
  - MaterialComponents/private/ShapeLibrary (54.12.0):
    - MaterialComponents/private/Math
    - MaterialComponents/private/Shapes
  - MaterialComponents/private/Shapes (54.12.0):
    - MaterialComponents/private/Math
    - MaterialComponents/ShadowLayer
  - MaterialComponents/private/ThumbTrack (54.12.0):
    - MaterialComponents/Ink
    - MaterialComponents/private/Math
    - MaterialComponents/ShadowElevations
    - MaterialComponents/ShadowLayer
    - MaterialComponents/Typography
    - MDFInternationalization
  - MaterialComponents/private/UIMetrics (54.12.0):
    - MaterialComponents/private/Application
  - MaterialComponents/ProgressView (54.12.0):
    - MaterialComponents/Palettes
    - MaterialComponents/private/Math
    - MDFInternationalization
    - MotionAnimator (~> 2.1)
  - MaterialComponents/ProgressView+Extensions (54.12.0):
    - MaterialComponents/ProgressView+Extensions/ColorThemer (= 54.12.0)
  - MaterialComponents/ProgressView+Extensions/ColorThemer (54.12.0):
    - MaterialComponents/ProgressView
    - MaterialComponents/Themes
  - MaterialComponents/schemes (54.12.0):
    - MaterialComponents/schemes/Color (= 54.12.0)
    - MaterialComponents/schemes/Typography (= 54.12.0)
  - MaterialComponents/schemes/Color (54.12.0)
  - MaterialComponents/schemes/Typography (54.12.0)
  - MaterialComponents/ShadowElevations (54.12.0)
  - MaterialComponents/ShadowLayer (54.12.0):
    - MaterialComponents/ShadowElevations
  - MaterialComponents/Slider (54.12.0):
    - MaterialComponents/Palettes
    - MaterialComponents/private/ThumbTrack
    - MaterialComponents/ShadowElevations
  - MaterialComponents/Slider+Extensions (54.12.0):
    - MaterialComponents/Slider+Extensions/ColorThemer (= 54.12.0)
  - MaterialComponents/Slider+Extensions/ColorThemer (54.12.0):
    - MaterialComponents/Palettes
    - MaterialComponents/schemes/Color
    - MaterialComponents/Slider
  - MaterialComponents/Snackbar (54.12.0):
    - MaterialComponents/AnimationTiming
    - MaterialComponents/Buttons
    - MaterialComponents/OverlayWindow
    - MaterialComponents/private/Application
    - MaterialComponents/private/KeyboardWatcher
    - MaterialComponents/private/Overlay
    - MaterialComponents/Typography
  - MaterialComponents/Snackbar+Extensions (54.12.0):
    - MaterialComponents/Snackbar+Extensions/ColorThemer (= 54.12.0)
    - MaterialComponents/Snackbar+Extensions/FontThemer (= 54.12.0)
    - MaterialComponents/Snackbar+Extensions/TypographyThemer (= 54.12.0)
  - MaterialComponents/Snackbar+Extensions/ColorThemer (54.12.0):
    - MaterialComponents/schemes/Color
    - MaterialComponents/Snackbar
  - MaterialComponents/Snackbar+Extensions/FontThemer (54.12.0):
    - MaterialComponents/Snackbar
    - MaterialComponents/Themes
  - MaterialComponents/Snackbar+Extensions/TypographyThemer (54.12.0):
    - MaterialComponents/schemes/Typography
    - MaterialComponents/Snackbar
  - MaterialComponents/Tabs (54.12.0):
    - MaterialComponents/AnimationTiming
    - MaterialComponents/Ink
    - MaterialComponents/private/Math
    - MaterialComponents/ShadowElevations
    - MaterialComponents/ShadowLayer
    - MaterialComponents/Typography
    - MDFInternationalization
  - MaterialComponents/Tabs+Extensions (54.12.0):
    - MaterialComponents/Tabs+Extensions/ColorThemer (= 54.12.0)
    - MaterialComponents/Tabs+Extensions/FontThemer (= 54.12.0)
    - MaterialComponents/Tabs+Extensions/TypographyThemer (= 54.12.0)
  - MaterialComponents/Tabs+Extensions/ColorThemer (54.12.0):
    - MaterialComponents/schemes/Color
    - MaterialComponents/Tabs
  - MaterialComponents/Tabs+Extensions/FontThemer (54.12.0):
    - MaterialComponents/Tabs
    - MaterialComponents/Themes
  - MaterialComponents/Tabs+Extensions/TypographyThemer (54.12.0):
    - MaterialComponents/schemes/Typography
    - MaterialComponents/Tabs
  - MaterialComponents/TextFields (54.12.0):
    - MaterialComponents/AnimationTiming
    - MaterialComponents/Palettes
    - MaterialComponents/private/Math
    - MaterialComponents/Typography
    - MDFInternationalization
  - MaterialComponents/TextFields+Extensions (54.12.0):
    - MaterialComponents/TextFields+Extensions/ColorThemer (= 54.12.0)
    - MaterialComponents/TextFields+Extensions/FontThemer (= 54.12.0)
    - MaterialComponents/TextFields+Extensions/TypographyThemer (= 54.12.0)
  - MaterialComponents/TextFields+Extensions/ColorThemer (54.12.0):
    - MaterialComponents/TextFields
    - MaterialComponents/Themes
  - MaterialComponents/TextFields+Extensions/FontThemer (54.12.0):
    - MaterialComponents/TextFields
    - MaterialComponents/Themes
  - MaterialComponents/TextFields+Extensions/TypographyThemer (54.12.0):
    - MaterialComponents/schemes/Typography
    - MaterialComponents/TextFields
  - MaterialComponents/Themes (54.12.0):
    - MaterialComponents/schemes/Color
    - MaterialComponents/schemes/Typography
  - MaterialComponents/Typography (54.12.0):
    - MaterialComponents/private/Application
  - MDFInternationalization (1.0.4)
  - MDFTextAccessibility (1.2.0)
  - MotionAnimator (2.8.1):
    - MotionInterchange (~> 1.6)
  - MotionInterchange (1.6.0)
  - MotionTransitioning (5.0.0)
  - MultiModelTableViewDataSource (0.0.2)
  - Nimble (7.0.3)
  - Nimble-Snapshots (6.3.0):
    - Nimble-Snapshots/Core (= 6.3.0)
  - Nimble-Snapshots/Core (6.3.0):
    - FBSnapshotTestCase (~> 2.0)
    - Nimble (~> 7.0)
  - OHHTTPStubs/Core (6.1.0)
  - OHHTTPStubs/Default (6.1.0):
    - OHHTTPStubs/Core
    - OHHTTPStubs/JSON
    - OHHTTPStubs/NSURLSession
    - OHHTTPStubs/OHPathHelpers
  - OHHTTPStubs/JSON (6.1.0):
    - OHHTTPStubs/Core
  - OHHTTPStubs/NSURLSession (6.1.0):
    - OHHTTPStubs/Core
  - OHHTTPStubs/OHPathHelpers (6.1.0)
  - OHHTTPStubs/Swift (6.1.0):
    - OHHTTPStubs/Default
  - Prelude (3.0.0)
  - Quick (1.2.0)
  - ReactiveSwift (3.1.0):
    - Result (~> 3.2)
  - Result (3.2.4)
  - SBTextInputView (0.2.1)
  - SDWebImage (4.3.3):
    - SDWebImage/Core (= 4.3.3)
  - SDWebImage/Core (4.3.3)
  - SSPullToRefresh (1.3.0)
  - ThryvUXComponents (0.0.1):
    - Bolts
    - Cloudinary
    - Eureka
    - FBSDKCoreKit
    - FBSDKLoginKit
    - FunkyNetwork
    - ISO8601DateFormatter
    - MaterialComponents
    - MultiModelTableViewDataSource
    - Prelude (~> 3.0)
    - SBTextInputView
    - SDWebImage
    - SSPullToRefresh

DEPENDENCIES:
  - FBSnapshotTestCase (~> 2.1.4)
  - Nimble (~> 7.0.2)
  - Nimble-Snapshots (~> 6.3.0)
  - Quick (~> 1.2.0)
  - ThryvUXComponents (from `../`)

EXTERNAL SOURCES:
  ThryvUXComponents:
    :path: ../

SPEC CHECKSUMS:
  Alamofire: f41a599bd63041760b26d393ec1069d9d7b917f4
  Bolts: ac6567323eac61e203f6a9763667d0f711be34c8
  Cloudinary: fd611d907bd6608f3556c40673b628e466809816
  Eureka: b88fb930e42c79f8c03c373d0fcdc28c1d6c50ed
  FBSDKCoreKit: 55d7f2ac45d9c4b9b6119f4e43900fe84b9b7b1b
  FBSDKLoginKit: 32ac05c2a59952c363c2e85aafa8f73ba93bcbad
  FBSnapshotTestCase: 094f9f314decbabe373b87cc339bea235a63e07a
  FunkyNetwork: 64a440e313433d1d5e1fd0b248d0ca3b022decf3
  ISO8601DateFormatter: 4551b6ce4f83185425f583b0b3feb3c7b59b942c
  MaterialComponents: 9cc85f4fea3adb8b2323094a8baf7a444ad382a1
  MDFInternationalization: e355b0cebecf53d60233bd267084e49366c82513
  MDFTextAccessibility: 94098925e0853551c5a311ce7c1ecefbe297cdb6
  MotionAnimator: ee16aa30567c5bae0fb2750c132915829cfaaf8a
  MotionInterchange: ead0e3ae1f3a5fb539e289debbc7ae036160a10d
  MotionTransitioning: 23d25edc2f4606efb922403cbac6d81af37aa33a
  MultiModelTableViewDataSource: 50d220ea38f713426ca1087d44ced0ea6cdf1a20
  Nimble: 7f5a9c447a33002645a071bddafbfb24ea70e0ac
  Nimble-Snapshots: f5459b5b091678dc942d03ec4741cacb58ba4a52
  OHHTTPStubs: 1e21c7d2c084b8153fc53d48400d8919d2d432d0
  Prelude: fe4cc0fd961d34edf48fe6b04d05c863449efb0a
  Quick: 58d203b1c5e27fff7229c4c1ae445ad7069a7a08
  ReactiveSwift: 5b26d2e988fe0eed2daf48c4054d1de74db50184
  Result: d2d07204ce72856f1fd9130bbe42c35a7b0fea10
  SBTextInputView: 5123a3992aea198a13a514d1721c70a2a3bd57ac
  SDWebImage: de4d90b5bff3571eae7bd16202b1f43135409fa5
  SSPullToRefresh: 3a47e116692b60e7da5a8c60418488133bcc9550
  ThryvUXComponents: 3006b80fc98136643257a83a938ae81553203d42

PODFILE CHECKSUM: a46c828de93011b13aa397b587ce5465c605ab2e

COCOAPODS: 1.4.0
